
Microsoft Visual Studio Solution File, Format Version 12.00
# Visual Studio 2012
Project("{FAE04EC0-301F-11D3-BF4B-00C04F79EFBC}") = "MalaysiaAPI", "MalaysiaAPI\MalaysiaAPI.csproj", "{202B8FD2-8F33-48E8-B866-22706E807726}"
EndProject
Global
	GlobalSection(SolutionConfigurationPlatforms) = preSolution
		Debug|Any CPU = Debug|Any CPU
		Release|Any CPU = Release|Any CPU
	EndGlobalSection
	GlobalSection(ProjectConfigurationPlatforms) = postSolution
		{202B8FD2-8F33-48E8-B866-22706E807726}.Debug|Any CPU.ActiveCfg = Debug|Any CPU
		{202B8FD2-8F33-48E8-B866-22706E807726}.Debug|Any CPU.Build.0 = Debug|Any CPU
		{202B8FD2-8F33-48E8-B866-22706E807726}.Release|Any CPU.ActiveCfg = Release|Any CPU
		{202B8FD2-8F33-48E8-B866-22706E807726}.Release|Any CPU.Build.0 = Release|Any CPU
	EndGlobalSection
EndGlobal
